<?xml version="1.0" encoding="utf-8"?>
<Project ToolsVersion="4.0" xmlns="http://schemas.microsoft.com/developer/msbuild/2003">
  <ItemGroup>
    <Filter Include="Source Files">
      <UniqueIdentifier>{4FC737F1-C7A5-4376-A066-2A32D752A2FF}</UniqueIdentifier>
      <Extensions>cpp;c;cc;cxx;def;odl;idl;hpj;bat;asm;asmx</Extensions>
    </Filter>
    <Filter Include="Resource Files">
      <UniqueIdentifier>{67DA6AB6-F800-4c08-8B7A-83BB121AAD01}</UniqueIdentifier>
      <Extensions>rc;ico;cur;bmp;dlg;rc2;rct;bin;rgs;gif;jpg;jpeg;jpe;resx;tiff;tif;png;wav;mfcribbon-ms</Extensions>
    </Filter>
    <Filter Include="Source Files\Component">
      <UniqueIdentifier>{448aee6a-eb70-430c-b49f-d3f59eb6c403}</UniqueIdentifier>
    </Filter>
    <Filter Include="Source Files\UI">
      <UniqueIdentifier>{26fe95c4-127c-4052-bbed-5d90288dd660}</UniqueIdentifier>
    </Filter>
  </ItemGroup>
  <ItemGroup>
    <ClCompile Include="source\TPEnvironment.cpp">
      <Filter>Source Files\Component</Filter>
    </ClCompile>
    <ClCompile Include="source\TPFont.cpp">
      <Filter>Source Files\Component</Filter>
    </ClCompile>
    <ClCompile Include="source\TPTexture.cpp">
      <Filter>Source Files\Component</Filter>
    </ClCompile>
    <ClCompile Include="source\TPCoordinate.cpp">
      <Filter>Source Files\UI</Filter>
    </ClCompile>
    <ClCompile Include="source\TPgl.cpp">
      <Filter>Source Files\UI</Filter>
    </ClCompile>
    <ClCompile Include="source\TPUI.cpp">
      <Filter>Source Files\UI</Filter>
    </ClCompile>
    <ClCompile Include="source\TPView.cpp">
      <Filter>Source Files\UI</Filter>
    </ClCompile>
    <ClCompile Include="source\TPWorld.cpp">
      <Filter>Source Files</Filter>
    </ClCompile>
  </ItemGroup>
  <ItemGroup>
    <ClInclude Include="source\TPConst.h">
      <Filter>Source Files\Component</Filter>
    </ClInclude>
    <ClInclude Include="source\TPEnvironment.h">
      <Filter>Source Files\Component</Filter>
    </ClInclude>
    <ClInclude Include="source\TPFont.h">
      <Filter>Source Files\Component</Filter>
    </ClInclude>
    <ClInclude Include="source\TPTexture.h">
      <Filter>Source Files\Component</Filter>
    </ClInclude>
    <ClInclude Include="source\TPCoordinate.h">
      <Filter>Source Files\UI</Filter>
    </ClInclude>
    <ClInclude Include="source\TPgl.h">
      <Filter>Source Files\UI</Filter>
    </ClInclude>
    <ClInclude Include="source\TPUI.h">
      <Filter>Source Files\UI</Filter>
    </ClInclude>
    <ClInclude Include="source\TPView.h">
      <Filter>Source Files\UI</Filter>
    </ClInclude>
  </ItemGroup>
  <ItemGroup>
    <Image Include="resource\A.bmp">
      <Filter>Resource Files</Filter>
    </Image>
    <Image Include="resource\B.bmp">
      <Filter>Resource Files</Filter>
    </Image>
    <Image Include="resource\C.bmp">
      <Filter>Resource Files</Filter>
    </Image>
  </ItemGroup>
</Project>